{
  "name": "waizaocun",
  "lockfileVersion": 3,
  "requires": true,
  "packages": {
    "": {
      "dependencies": {
        "tdesign-miniprogram": "^1.1.1"
      }
    },
    "node_modules/dayjs": {
      "version": "1.11.7",
      "resolved": "https://registry.npmjs.org/dayjs/-/dayjs-1.11.7.tgz",
      "integrity": "sha512-+Yw9U6YO5TQohxLcIkrXBeY73WP3ejHWVvx8XCk3gxvQDCTEmS48ZrSZCKciI7Bhl/uCMyxYtE9UqRILmFphkQ=="
    },
    "node_modules/tdesign-miniprogram": {
      "version": "1.1.1",
      "resolved": "https://registry.npmjs.org/tdesign-miniprogram/-/tdesign-miniprogram-1.1.1.tgz",
      "integrity": "sha512-35RuAfR74Hq3HEsOS3NRHyP9S1vdMI8/JSXgtPNV805KEtD9rHRK3Rn9gD08UqvGyemVOoB1IVzwk63fie4t2A==",
      "dependencies": {
        "dayjs": "^1.10.7"
      }
    }
  }
}
